<?xml version="1.0" encoding="utf-8"?>
<Project ToolsVersion="4.0" xmlns="http://schemas.microsoft.com/developer/msbuild/2003">
  <ItemGroup>
    <Filter Include="Source Files">
      <UniqueIdentifier>{4FC737F1-C7A5-4376-A066-2A32D752A2FF}</UniqueIdentifier>
      <Extensions>cpp;c;cc;cxx;def;odl;idl;hpj;bat;asm;asmx</Extensions>
    </Filter>
    <Filter Include="Header Files">
      <UniqueIdentifier>{93995380-89BD-4b04-88EB-625FBE52EBFB}</UniqueIdentifier>
      <Extensions>h;hh;hpp;hxx;hm;inl;inc;xsd</Extensions>
    </Filter>
    <Filter Include="Resource Files">
      <UniqueIdentifier>{67DA6AB6-F800-4c08-8B7A-83BB121AAD01}</UniqueIdentifier>
      <Extensions>rc;ico;cur;bmp;dlg;rc2;rct;bin;rgs;gif;jpg;jpeg;jpe;resx;tiff;tif;png;wav;mfcribbon-ms</Extensions>
    </Filter>
  </ItemGroup>
  <ItemGroup>
    <ClCompile Include="Source.cpp">
      <Filter>Source Files</Filter>
    </ClCompile>
    <ClCompile Include="AudioPlayer.cpp">
      <Filter>Source Files</Filter>
    </ClCompile>
    <ClCompile Include="BlueTooth.cpp">
      <Filter>Source Files</Filter>
    </ClCompile>
    <ClCompile Include="Camera.cpp">
      <Filter>Source Files</Filter>
    </ClCompile>
    <ClCompile Include="CommunicationSimulator.cpp">
      <Filter>Source Files</Filter>
    </ClCompile>
    <ClCompile Include="CSetLinkList.cpp">
      <Filter>Source Files</Filter>
    </ClCompile>
    <ClCompile Include="MobilePhone.cpp">
      <Filter>Source Files</Filter>
    </ClCompile>
    <ClCompile Include="Node.cpp">
      <Filter>Source Files</Filter>
    </ClCompile>
    <ClCompile Include="Nokia.cpp">
      <Filter>Source Files</Filter>
    </ClCompile>
    <ClCompile Include="Nokia3310.cpp">
      <Filter>Source Files</Filter>
    </ClCompile>
    <ClCompile Include="Nokia9101.cpp">
      <Filter>Source Files</Filter>
    </ClCompile>
    <ClCompile Include="Phone.cpp">
      <Filter>Source Files</Filter>
    </ClCompile>
    <ClCompile Include="Samsung.cpp">
      <Filter>Source Files</Filter>
    </ClCompile>
    <ClCompile Include="SamsungS1.cpp">
      <Filter>Source Files</Filter>
    </ClCompile>
    <ClCompile Include="SamsungS9.cpp">
      <Filter>Source Files</Filter>
    </ClCompile>
    <ClCompile Include="SamsungSAdvance.cpp">
      <Filter>Source Files</Filter>
    </ClCompile>
    <ClCompile Include="Satellite.cpp">
      <Filter>Source Files</Filter>
    </ClCompile>
    <ClCompile Include="textMsg.cpp">
      <Filter>Source Files</Filter>
    </ClCompile>
    <ClCompile Include="VideoPlayer.cpp">
      <Filter>Source Files</Filter>
    </ClCompile>
    <ClCompile Include="VoiceCall.cpp">
      <Filter>Source Files</Filter>
    </ClCompile>
    <ClCompile Include="Wifi.cpp">
      <Filter>Source Files</Filter>
    </ClCompile>
    <ClCompile Include="WireLess.cpp">
      <Filter>Source Files</Filter>
    </ClCompile>
    <ClCompile Include="Multimedia.cpp">
      <Filter>Source Files</Filter>
    </ClCompile>
    <ClCompile Include="Main.cpp">
      <Filter>Source Files</Filter>
    </ClCompile>
  </ItemGroup>
  <ItemGroup>
    <ClInclude Include="Nokia.h">
      <Filter>Header Files</Filter>
    </ClInclude>
    <ClInclude Include="Nokia9101.h">
      <Filter>Header Files</Filter>
    </ClInclude>
    <ClInclude Include="Nokia3310.h">
      <Filter>Header Files</Filter>
    </ClInclude>
    <ClInclude Include="MobilePhone.h">
      <Filter>Header Files</Filter>
    </ClInclude>
    <ClInclude Include="SmartPhone.h">
      <Filter>Header Files</Filter>
    </ClInclude>
    <ClInclude Include="VoiceCall.h">
      <Filter>Header Files</Filter>
    </ClInclude>
    <ClInclude Include="Multimedia.h">
      <Filter>Header Files</Filter>
    </ClInclude>
    <ClInclude Include="AudioPlayer.h">
      <Filter>Header Files</Filter>
    </ClInclude>
    <ClInclude Include="VideoPlayer.h">
      <Filter>Header Files</Filter>
    </ClInclude>
    <ClInclude Include="Camera.h">
      <Filter>Header Files</Filter>
    </ClInclude>
    <ClInclude Include="Bluetooth.h">
      <Filter>Header Files</Filter>
    </ClInclude>
    <ClInclude Include="Wifi.h">
      <Filter>Header Files</Filter>
    </ClInclude>
    <ClInclude Include="Satellite.h">
      <Filter>Header Files</Filter>
    </ClInclude>
    <ClInclude Include="CommunicationSimulator.h">
      <Filter>Header Files</Filter>
    </ClInclude>
    <ClInclude Include="CSetLinkList.h">
      <Filter>Header Files</Filter>
    </ClInclude>
    <ClInclude Include="Node.h">
      <Filter>Header Files</Filter>
    </ClInclude>
    <ClInclude Include="Phone.h">
      <Filter>Header Files</Filter>
    </ClInclude>
    <ClInclude Include="SamsungS1.h">
      <Filter>Header Files</Filter>
    </ClInclude>
    <ClInclude Include="SamsungS9.h">
      <Filter>Header Files</Filter>
    </ClInclude>
    <ClInclude Include="SamsungSAdvance.h">
      <Filter>Header Files</Filter>
    </ClInclude>
    <ClInclude Include="textMsg.h">
      <Filter>Header Files</Filter>
    </ClInclude>
    <ClInclude Include="WireLess.h">
      <Filter>Header Files</Filter>
    </ClInclude>
    <ClInclude Include="Samsung.h">
      <Filter>Header Files</Filter>
    </ClInclude>
  </ItemGroup>
</Project>